
Microsoft Visual Studio Solution File, Format Version 12.00
# Visual Studio Version 16
VisualStudioVersion = 16.0.30907.101
MinimumVisualStudioVersion = 10.0.40219.1
Project("{888888A0-9F3D-457C-B088-3A5042F75D52}") = "PythonGUI4", "PythonGUI4\PythonGUI4.pyproj", "{AB09E098-696C-4590-96F9-3C017952432F}"
EndProject
Global
	GlobalSection(SolutionConfigurationPlatforms) = preSolution
		Debug|Any CPU = Debug|Any CPU
		Release|Any CPU = Release|Any CPU
	EndGlobalSection
	GlobalSection(ProjectConfigurationPlatforms) = postSolution
		{AB09E098-696C-4590-96F9-3C017952432F}.Debug|Any CPU.ActiveCfg = Debug|Any CPU
		{AB09E098-696C-4590-96F9-3C017952432F}.Release|Any CPU.ActiveCfg = Release|Any CPU
	EndGlobalSection
	GlobalSection(SolutionProperties) = preSolution
		HideSolutionNode = FALSE
	EndGlobalSection
	GlobalSection(ExtensibilityGlobals) = postSolution
		SolutionGuid = {9063584C-1D28-46CA-B9C5-DC57B0CEC35F}
	EndGlobalSection
EndGlobal
